// !$*UTF8*$!
{
	archiveVersion = 1;
	classes = {
	};
	objectVersion = 46;
	objects = {

/* Begin PBXBuildFile section */
		1DC729EE1F6CE4600005F1A6 /* AppDelegate.swift in Sources */ = {isa = PBXBuildFile; fileRef = 1DC729ED1F6CE4600005F1A6 /* AppDelegate.swift */; };
		1DC729F01F6CE4600005F1A6 /* ViewController.swift in Sources */ = {isa = PBXBuildFile; fileRef = 1DC729EF1F6CE4600005F1A6 /* ViewController.swift */; };
		1DC729F51F6CE4600005F1A6 /* Assets.xcassets in Resources */ = {isa = PBXBuildFile; fileRef = 1DC729F41F6CE4600005F1A6 /* Assets.xcassets */; };
		1DC729F81F6CE4600005F1A6 /* LaunchScreen.storyboard in Resources */ = {isa = PBXBuildFile; fileRef = 1DC729F61F6CE4600005F1A6 /* LaunchScreen.storyboard */; };
		1DC72A001F6CE4D40005F1A6 /* GoogleService-Info.plist in Resources */ = {isa = PBXBuildFile; fileRef = 1DC729FF1F6CE4D40005F1A6 /* GoogleService-Info.plist */; };
		7807876DA8A115D3429415D0 /* Pods_meal_deals.framework in Frameworks */ = {isa = PBXBuildFile; fileRef = 000D5DE972BEEFBEFBDA9959 /* Pods_meal_deals.framework */; };
/* End PBXBuildFile section */

/* Begin PBXFileReference section */
		000D5DE972BEEFBEFBDA9959 /* Pods_meal_deals.framework */ = {isa = PBXFileReference; explicitFileType = wrapper.framework; includeInIndex = 0; path = Pods_meal_deals.framework; sourceTree = BUILT_PRODUCTS_DIR; };
		1DC729EA1F6CE4600005F1A6 /* meal-deals.app */ = {isa = PBXFileReference; explicitFileType = wrapper.application; includeInIndex = 0; path = "meal-deals.app"; sourceTree = BUILT_PRODUCTS_DIR; };
		1DC729ED1F6CE4600005F1A6 /* AppDelegate.swift */ = {isa = PBXFileReference; lastKnownFileType = sourcecode.swift; path = AppDelegate.swift; sourceTree = "<group>"; };
		1DC729EF1F6CE4600005F1A6 /* ViewController.swift */ = {isa = PBXFileReference; lastKnownFileType = sourcecode.swift; path = ViewController.swift; sourceTree = "<group>"; };
		1DC729F41F6CE4600005F1A6 /* Assets.xcassets */ = {isa = PBXFileReference; lastKnownFileType = folder.assetcatalog; path = Assets.xcassets; sourceTree = "<group>"; };
		1DC729F71F6CE4600005F1A6 /* Base */ = {isa = PBXFileReference; lastKnownFileType = file.storyboard; name = Base; path = Base.lproj/LaunchScreen.storyboard; sourceTree = "<group>"; };
		1DC729F91F6CE4600005F1A6 /* Info.plist */ = {isa = PBXFileReference; lastKnownFileType = text.plist.xml; path = Info.plist; sourceTree = "<group>"; };
		1DC729FF1F6CE4D40005F1A6 /* GoogleService-Info.plist */ = {isa = PBXFileReference; fileEncoding = 4; lastKnownFileType = text.plist.xml; path = "GoogleService-Info.plist"; sourceTree = "<group>"; };
		4F82C768B4E434E5DF7458CF /* Pods-meal-deals.release.xcconfig */ = {isa = PBXFileReference; includeInIndex = 1; lastKnownFileType = text.xcconfig; name = "Pods-meal-deals.release.xcconfig"; path = "Pods/Target Support Files/Pods-meal-deals/Pods-meal-deals.release.xcconfig"; sourceTree = "<group>"; };
		E63076F1C490173E2A34DA38 /* Pods-meal-deals.debug.xcconfig */ = {isa = PBXFileReference; includeInIndex = 1; lastKnownFileType = text.xcconfig; name = "Pods-meal-deals.debug.xcconfig"; path = "Pods/Target Support Files/Pods-meal-deals/Pods-meal-deals.debug.xcconfig"; sourceTree = "<group>"; };
/* End PBXFileReference section */

/* Begin PBXFrameworksBuildPhase section */
		1DC729E71F6CE4600005F1A6 /* Frameworks */ = {
			isa = PBXFrameworksBuildPhase;
			buildActionMask = 2147483647;
			files = (
				7807876DA8A115D3429415D0 /* Pods_meal_deals.framework in Frameworks */,
			);
			runOnlyForDeploymentPostprocessing = 0;
		};
/* End PBXFrameworksBuildPhase section */

/* Begin PBXGroup section */
		1DC729E11F6CE4600005F1A6 = {
			isa = PBXGroup;
			children = (
				1DC729EC1F6CE4600005F1A6 /* meal-deals */,
				1DC729EB1F6CE4600005F1A6 /* Products */,
				C35A20F5518B11CCF847D17E /* Pods */,
				30C5716C42A74D9AAE6B3D9B /* Frameworks */,
			);
			sourceTree = "<group>";
		};
		1DC729EB1F6CE4600005F1A6 /* Products */ = {
			isa = PBXGroup;
			children = (
				1DC729EA1F6CE4600005F1A6 /* meal-deals.app */,
			);
			name = Products;
			sourceTree = "<group>";
		};
		1DC729EC1F6CE4600005F1A6 /* meal-deals */ = {
			isa = PBXGroup;
			children = (
				1DC729ED1F6CE4600005F1A6 /* AppDelegate.swift */,
				1DC729EF1F6CE4600005F1A6 /* ViewController.swift */,
				1DC729F41F6CE4600005F1A6 /* Assets.xcassets */,
				1DC729F61F6CE4600005F1A6 /* LaunchScreen.storyboard */,
				1DC729F91F6CE4600005F1A6 /* Info.plist */,
				1DC729FF1F6CE4D40005F1A6 /* GoogleService-Info.plist */,
			);
			path = "meal-deals";
			sourceTree = "<group>";
		};
		30C5716C42A74D9AAE6B3D9B /* Frameworks */ = {
			isa = PBXGroup;
			children = (
				000D5DE972BEEFBEFBDA9959 /* Pods_meal_deals.framework */,
			);
			name = Frameworks;
			sourceTree = "<group>";
		};
		C35A20F5518B11CCF847D17E /* Pods */ = {
			isa = PBXGroup;
			children = (
				E63076F1C490173E2A34DA38 /* Pods-meal-deals.debug.xcconfig */,
				4F82C768B4E434E5DF7458CF /* Pods-meal-deals.release.xcconfig */,
			);
			name = Pods;
			sourceTree = "<group>";
		};
/* End PBXGroup section */

/* Begin PBXNativeTarget section */
		1DC729E91F6CE4600005F1A6 /* meal-deals */ = {
			isa = PBXNativeTarget;
			buildConfigurationList = 1DC729FC1F6CE4600005F1A6 /* Build configuration list for PBXNativeTarget "meal-deals" */;
			buildPhases = (
				DD0AC3BF61D9A6220B50ABE3 /* [CP] Check Pods Manifest.lock */,
				1DC729E61F6CE4600005F1A6 /* Sources */,
				1DC729E71F6CE4600005F1A6 /* Frameworks */,
				1DC729E81F6CE4600005F1A6 /* Resources */,
				11481F8D86726E0BF11901CA /* [CP] Embed Pods Frameworks */,
				E8BABC2028F2A858C3CAB7BF /* [CP] Copy Pods Resources */,
			);
			buildRules = (
			);
			dependencies = (
			);
			name = "meal-deals";
			productName = "meal-deals";
			productReference = 1DC729EA1F6CE4600005F1A6 /* meal-deals.app */;
			productType = "com.apple.product-type.application";
		};
/* End PBXNativeTarget section */

/* Begin PBXProject section */
		1DC729E21F6CE4600005F1A6 /* Project object */ = {
			isa = PBXProject;
			attributes = {
				LastSwiftUpdateCheck = 0830;
				LastUpgradeCheck = 0830;
				ORGANIZATIONNAME = "branch brunch";
				TargetAttributes = {
					1DC729E91F6CE4600005F1A6 = {
						CreatedOnToolsVersion = 8.3.3;
						ProvisioningStyle = Automatic;
					};
				};
			};
			buildConfigurationList = 1DC729E51F6CE4600005F1A6 /* Build configuration list for PBXProject "meal-deals" */;
			compatibilityVersion = "Xcode 3.2";
			developmentRegion = English;
			hasScannedForEncodings = 0;
			knownRegions = (
				en,
				Base,
			);
			mainGroup = 1DC729E11F6CE4600005F1A6;
			productRefGroup = 1DC729EB1F6CE4600005F1A6 /* Products */;
			projectDirPath = "";
			projectRoot = "";
			targets = (
				1DC729E91F6CE4600005F1A6 /* meal-deals */,
			);
		};
/* End PBXProject section */

/* Begin PBXResourcesBuildPhase section */
		1DC729E81F6CE4600005F1A6 /* Resources */ = {
			isa = PBXResourcesBuildPhase;
			buildActionMask = 2147483647;
			files = (
				1DC729F81F6CE4600005F1A6 /* LaunchScreen.storyboard in Resources */,
				1DC72A001F6CE4D40005F1A6 /* GoogleService-Info.plist in Resources */,
				1DC729F51F6CE4600005F1A6 /* Assets.xcassets in Resources */,
			);
			runOnlyForDeploymentPostprocessing = 0;
		};
/* End PBXResourcesBuildPhase section */

/* Begin PBXShellScriptBuildPhase section */
		11481F8D86726E0BF11901CA /* [CP] Embed Pods Frameworks */ = {
			isa = PBXShellScriptBuildPhase;
			buildActionMask = 2147483647;
			files = (
			);
			inputPaths = (
			);
			name = "[CP] Embed Pods Frameworks";
			outputPaths = (
			);
			runOnlyForDeploymentPostprocessing = 0;
			shellPath = /bin/sh;
			shellScript = "\"${SRCROOT}/Pods/Target Support Files/Pods-meal-deals/Pods-meal-deals-frameworks.sh\"\n";
			showEnvVarsInLog = 0;
		};
		DD0AC3BF61D9A6220B50ABE3 /* [CP] Check Pods Manifest.lock */ = {
			isa = PBXShellScriptBuildPhase;
			buildActionMask = 2147483647;
			files = (
			);
			inputPaths = (
			);
			name = "[CP] Check Pods Manifest.lock";
			outputPaths = (
			);
			runOnlyForDeploymentPostprocessing = 0;
			shellPath = /bin/sh;
			shellScript = "diff \"${PODS_ROOT}/../Podfile.lock\" \"${PODS_ROOT}/Manifest.lock\" > /dev/null\nif [ $? != 0 ] ; then\n    # print error to STDERR\n    echo \"error: The sandbox is not in sync with the Podfile.lock. Run 'pod install' or update your CocoaPods installation.\" >&2\n    exit 1\nfi\n";
			showEnvVarsInLog = 0;
		};
		E8BABC2028F2A858C3CAB7BF /* [CP] Copy Pods Resources */ = {
			isa = PBXShellScriptBuildPhase;
			buildActionMask = 2147483647;
			files = (
			);
			inputPaths = (
			);
			name = "[CP] Copy Pods Resources";
			outputPaths = (
			);
			runOnlyForDeploymentPostprocessing = 0;
			shellPath = /bin/sh;
			shellScript = "\"${SRCROOT}/Pods/Target Support Files/Pods-meal-deals/Pods-meal-deals-resources.sh\"\n";
			showEnvVarsInLog = 0;
		};
/* End PBXShellScriptBuildPhase section */

/* Begin PBXSourcesBuildPhase section */
		1DC729E61F6CE4600005F1A6 /* Sources */ = {
			isa = PBXSourcesBuildPhase;
			buildActionMask = 2147483647;
			files = (
				1DC729F01F6CE4600005F1A6 /* ViewController.swift in Sources */,
				1DC729EE1F6CE4600005F1A6 /* AppDelegate.swift in Sources */,
			);
			runOnlyForDeploymentPostprocessing = 0;
		};
/* End PBXSourcesBuildPhase section */

/* Begin PBXVariantGroup section */
		1DC729F61F6CE4600005F1A6 /* LaunchScreen.storyboard */ = {
			isa = PBXVariantGroup;
			children = (
				1DC729F71F6CE4600005F1A6 /* Base */,
			);
			name = LaunchScreen.storyboard;
			sourceTree = "<group>";
		};
/* End PBXVariantGroup section */

/* Begin XCBuildConfiguration section */
		1DC729FA1F6CE4600005F1A6 /* Debug */ = {
			isa = XCBuildConfiguration;
			buildSettings = {
				ALWAYS_SEARCH_USER_PATHS = NO;
				CLANG_ANALYZER_NONNULL = YES;
				CLANG_ANALYZER_NUMBER_OBJECT_CONVERSION = YES_AGGRESSIVE;
				CLANG_CXX_LANGUAGE_STANDARD = "gnu++0x";
				CLANG_CXX_LIBRARY = "libc++";
				CLANG_ENABLE_MODULES = YES;
				CLANG_ENABLE_OBJC_ARC = YES;
				CLANG_WARN_BOOL_CONVERSION = YES;
				CLANG_WARN_CONSTANT_CONVERSION = YES;
				CLANG_WARN_DIRECT_OBJC_ISA_USAGE = YES_ERROR;
				CLANG_WARN_DOCUMENTATION_COMMENTS = YES;
				CLANG_WARN_EMPTY_BODY = YES;
				CLANG_WARN_ENUM_CONVERSION = YES;
				CLANG_WARN_INFINITE_RECURSION = YES;
				CLANG_WARN_INT_CONVERSION = YES;
				CLANG_WARN_OBJC_ROOT_CLASS = YES_ERROR;
				CLANG_WARN_SUSPICIOUS_MOVE = YES;
				CLANG_WARN_UNREACHABLE_CODE = YES;
				CLANG_WARN__DUPLICATE_METHOD_MATCH = YES;
				"CODE_SIGN_IDENTITY[sdk=iphoneos*]" = "iPhone Developer";
				COPY_PHASE_STRIP = NO;
				DEBUG_INFORMATION_FORMAT = dwarf;
				ENABLE_STRICT_OBJC_MSGSEND = YES;
				ENABLE_TESTABILITY = YES;
				GCC_C_LANGUAGE_STANDARD = gnu99;
				GCC_DYNAMIC_NO_PIC = NO;
				GCC_NO_COMMON_BLOCKS = YES;
				GCC_OPTIMIZATION_LEVEL = 0;
				GCC_PREPROCESSOR_DEFINITIONS = (
					"DEBUG=1",
					"$(inherited)",
				);
				GCC_WARN_64_TO_32_BIT_CONVERSION = YES;
				GCC_WARN_ABOUT_RETURN_TYPE = YES_ERROR;
				GCC_WARN_UNDECLARED_SELECTOR = YES;
				GCC_WARN_UNINITIALIZED_AUTOS = YES_AGGRESSIVE;
				GCC_WARN_UNUSED_FUNCTION = YES;
				GCC_WARN_UNUSED_VARIABLE = YES;
				IPHONEOS_DEPLOYMENT_TARGET = 10.3;
				MTL_ENABLE_DEBUG_INFO = YES;
				ONLY_ACTIVE_ARCH = YES;
				SDKROOT = iphoneos;
				SWIFT_ACTIVE_COMPILATION_CONDITIONS = DEBUG;
				SWIFT_OPTIMIZATION_LEVEL = "-Onone";
				TARGETED_DEVICE_FAMILY = "1,2";
			};
			name = Debug;
		};
		1DC729FB1F6CE4600005F1A6 /* Release */ = {
			isa = XCBuildConfiguration;
			buildSettings = {
				ALWAYS_SEARCH_USER_PATHS = NO;
				CLANG_ANALYZER_NONNULL = YES;
				CLANG_ANALYZER_NUMBER_OBJECT_CONVERSION = YES_AGGRESSIVE;
				CLANG_CXX_LANGUAGE_STANDARD = "gnu++0x";
				CLANG_CXX_LIBRARY = "libc++";
				CLANG_ENABLE_MODULES = YES;
				CLANG_ENABLE_OBJC_ARC = YES;
				CLANG_WARN_BOOL_CONVERSION = YES;
				CLANG_WARN_CONSTANT_CONVERSION = YES;
				CLANG_WARN_DIRECT_OBJC_ISA_USAGE = YES_ERROR;
				CLANG_WARN_DOCUMENTATION_COMMENTS = YES;
				CLANG_WARN_EMPTY_BODY = YES;
				CLANG_WARN_ENUM_CONVERSION = YES;
				CLANG_WARN_INFINITE_RECURSION = YES;
				CLANG_WARN_INT_CONVERSION = YES;
				CLANG_WARN_OBJC_ROOT_CLASS = YES_ERROR;
				CLANG_WARN_SUSPICIOUS_MOVE = YES;
				CLANG_WARN_UNREACHABLE_CODE = YES;
				CLANG_WARN__DUPLICATE_METHOD_MATCH = YES;
				"CODE_SIGN_IDENTITY[sdk=iphoneos*]" = "iPhone Developer";
				COPY_PHASE_STRIP = NO;
				DEBUG_INFORMATION_FORMAT = "dwarf-with-dsym";
				ENABLE_NS_ASSERTIONS = NO;
				ENABLE_STRICT_OBJC_MSGSEND = YES;
				GCC_C_LANGUAGE_STANDARD = gnu99;
				GCC_NO_COMMON_BLOCKS = YES;
				GCC_WARN_64_TO_32_BIT_CONVERSION = YES;
				GCC_WARN_ABOUT_RETURN_TYPE = YES_ERROR;
				GCC_WARN_UNDECLARED_SELECTOR = YES;
				GCC_WARN_UNINITIALIZED_AUTOS = YES_AGGRESSIVE;
				GCC_WARN_UNUSED_FUNCTION = YES;
				GCC_WARN_UNUSED_VARIABLE = YES;
				IPHONEOS_DEPLOYMENT_TARGET = 10.3;
				MTL_ENABLE_DEBUG_INFO = NO;
				SDKROOT = iphoneos;
				SWIFT_OPTIMIZATION_LEVEL = "-Owholemodule";
				TARGETED_DEVICE_FAMILY = "1,2";
				VALIDATE_PRODUCT = YES;
			};
			name = Release;
		};
		1DC729FD1F6CE4600005F1A6 /* Debug */ = {
			isa = XCBuildConfiguration;
			baseConfigurationReference = E63076F1C490173E2A34DA38 /* Pods-meal-deals.debug.xcconfig */;
			buildSettings = {
				ASSETCATALOG_COMPILER_APPICON_NAME = AppIcon;
				INFOPLIST_FILE = "meal-deals/Info.plist";
				LD_RUNPATH_SEARCH_PATHS = "$(inherited) @executable_path/Frameworks";
				PRODUCT_BUNDLE_IDENTIFIER = "io.branch-brunch.meal-deals";
				PRODUCT_NAME = "$(TARGET_NAME)";
				SWIFT_VERSION = 3.0;
			};
			name = Debug;
		};
		1DC729FE1F6CE4600005F1A6 /* Release */ = {
			isa = XCBuildConfiguration;
			baseConfigurationReference = 4F82C768B4E434E5DF7458CF /* Pods-meal-deals.release.xcconfig */;
			buildSettings = {
				ASSETCATALOG_COMPILER_APPICON_NAME = AppIcon;
				INFOPLIST_FILE = "meal-deals/Info.plist";
				LD_RUNPATH_SEARCH_PATHS = "$(inherited) @executable_path/Frameworks";
				PRODUCT_BUNDLE_IDENTIFIER = "io.branch-brunch.meal-deals";
				PRODUCT_NAME = "$(TARGET_NAME)";
				SWIFT_VERSION = 3.0;
			};
			name = Release;
		};
/* End XCBuildConfiguration section */

/* Begin XCConfigurationList section */
		1DC729E51F6CE4600005F1A6 /* Build configuration list for PBXProject "meal-deals" */ = {
			isa = XCConfigurationList;
			buildConfigurations = (
				1DC729FA1F6CE4600005F1A6 /* Debug */,
				1DC729FB1F6CE4600005F1A6 /* Release */,
			);
			defaultConfigurationIsVisible = 0;
			defaultConfigurationName = Release;
		};
		1DC729FC1F6CE4600005F1A6 /* Build configuration list for PBXNativeTarget "meal-deals" */ = {
			isa = XCConfigurationList;
			buildConfigurations = (
				1DC729FD1F6CE4600005F1A6 /* Debug */,
				1DC729FE1F6CE4600005F1A6 /* Release */,
			);
			defaultConfigurationIsVisible = 0;
			defaultConfigurationName = Release;
		};
/* End XCConfigurationList section */
	};
	rootObject = 1DC729E21F6CE4600005F1A6 /* Project object */;
}
